// !$*UTF8*$!
{
	archiveVersion = 1;
	classes = {
	};
	objectVersion = 48;
	objects = {

/* Begin PBXBuildFile section */
		7F02EE6220457B7400DAE181 /* ThemeManager.swift in Sources */ = {isa = PBXBuildFile; fileRef = 7F02EE6120457B7400DAE181 /* ThemeManager.swift */; };
		7F02EE6420457BD100DAE181 /* GameTheme.swift in Sources */ = {isa = PBXBuildFile; fileRef = 7F02EE6320457BD100DAE181 /* GameTheme.swift */; };
		7F7E10BD2042973600AF67FD /* AppDelegate.swift in Sources */ = {isa = PBXBuildFile; fileRef = 7F7E10BC2042973600AF67FD /* AppDelegate.swift */; };
		7F7E10BF2042973600AF67FD /* ViewController.swift in Sources */ = {isa = PBXBuildFile; fileRef = 7F7E10BE2042973600AF67FD /* ViewController.swift */; };
		7F7E10C22042973600AF67FD /* Main.storyboard in Resources */ = {isa = PBXBuildFile; fileRef = 7F7E10C02042973600AF67FD /* Main.storyboard */; };
		7F7E10C42042973600AF67FD /* Assets.xcassets in Resources */ = {isa = PBXBuildFile; fileRef = 7F7E10C32042973600AF67FD /* Assets.xcassets */; };
		7F7E10C72042973600AF67FD /* LaunchScreen.storyboard in Resources */ = {isa = PBXBuildFile; fileRef = 7F7E10C52042973600AF67FD /* LaunchScreen.storyboard */; };
		7F7E10CF2042F8F000AF67FD /* Concentration.swift in Sources */ = {isa = PBXBuildFile; fileRef = 7F7E10CE2042F8F000AF67FD /* Concentration.swift */; };
		7F7E10D12042F94300AF67FD /* Card.swift in Sources */ = {isa = PBXBuildFile; fileRef = 7F7E10D02042F94300AF67FD /* Card.swift */; };
		7F7E10D32044976300AF67FD /* Scorekeeper.swift in Sources */ = {isa = PBXBuildFile; fileRef = 7F7E10D22044976300AF67FD /* Scorekeeper.swift */; };
/* End PBXBuildFile section */

/* Begin PBXFileReference section */
		7F02EE6120457B7400DAE181 /* ThemeManager.swift */ = {isa = PBXFileReference; lastKnownFileType = sourcecode.swift; path = ThemeManager.swift; sourceTree = "<group>"; };
		7F02EE6320457BD100DAE181 /* GameTheme.swift */ = {isa = PBXFileReference; lastKnownFileType = sourcecode.swift; path = GameTheme.swift; sourceTree = "<group>"; };
		7F7E10B92042973600AF67FD /* Concentration.app */ = {isa = PBXFileReference; explicitFileType = wrapper.application; includeInIndex = 0; path = Concentration.app; sourceTree = BUILT_PRODUCTS_DIR; };
		7F7E10BC2042973600AF67FD /* AppDelegate.swift */ = {isa = PBXFileReference; lastKnownFileType = sourcecode.swift; path = AppDelegate.swift; sourceTree = "<group>"; };
		7F7E10BE2042973600AF67FD /* ViewController.swift */ = {isa = PBXFileReference; lastKnownFileType = sourcecode.swift; path = ViewController.swift; sourceTree = "<group>"; };
		7F7E10C12042973600AF67FD /* Base */ = {isa = PBXFileReference; lastKnownFileType = file.storyboard; name = Base; path = Base.lproj/Main.storyboard; sourceTree = "<group>"; };
		7F7E10C32042973600AF67FD /* Assets.xcassets */ = {isa = PBXFileReference; lastKnownFileType = folder.assetcatalog; path = Assets.xcassets; sourceTree = "<group>"; };
		7F7E10C62042973600AF67FD /* Base */ = {isa = PBXFileReference; lastKnownFileType = file.storyboard; name = Base; path = Base.lproj/LaunchScreen.storyboard; sourceTree = "<group>"; };
		7F7E10C82042973600AF67FD /* Info.plist */ = {isa = PBXFileReference; lastKnownFileType = text.plist.xml; path = Info.plist; sourceTree = "<group>"; };
		7F7E10CE2042F8F000AF67FD /* Concentration.swift */ = {isa = PBXFileReference; lastKnownFileType = sourcecode.swift; path = Concentration.swift; sourceTree = "<group>"; };
		7F7E10D02042F94300AF67FD /* Card.swift */ = {isa = PBXFileReference; lastKnownFileType = sourcecode.swift; path = Card.swift; sourceTree = "<group>"; };
		7F7E10D22044976300AF67FD /* Scorekeeper.swift */ = {isa = PBXFileReference; lastKnownFileType = sourcecode.swift; path = Scorekeeper.swift; sourceTree = "<group>"; };
/* End PBXFileReference section */

/* Begin PBXFrameworksBuildPhase section */
		7F7E10B62042973600AF67FD /* Frameworks */ = {
			isa = PBXFrameworksBuildPhase;
			buildActionMask = 2147483647;
			files = (
			);
			runOnlyForDeploymentPostprocessing = 0;
		};
/* End PBXFrameworksBuildPhase section */

/* Begin PBXGroup section */
		7F7E10B02042973600AF67FD = {
			isa = PBXGroup;
			children = (
				7F7E10BB2042973600AF67FD /* Concentration */,
				7F7E10BA2042973600AF67FD /* Products */,
			);
			sourceTree = "<group>";
		};
		7F7E10BA2042973600AF67FD /* Products */ = {
			isa = PBXGroup;
			children = (
				7F7E10B92042973600AF67FD /* Concentration.app */,
			);
			name = Products;
			sourceTree = "<group>";
		};
		7F7E10BB2042973600AF67FD /* Concentration */ = {
			isa = PBXGroup;
			children = (
				7F7E10BC2042973600AF67FD /* AppDelegate.swift */,
				7F7E10BE2042973600AF67FD /* ViewController.swift */,
				7F7E10C02042973600AF67FD /* Main.storyboard */,
				7F7E10CE2042F8F000AF67FD /* Concentration.swift */,
				7F02EE6320457BD100DAE181 /* GameTheme.swift */,
				7F02EE6120457B7400DAE181 /* ThemeManager.swift */,
				7F7E10D22044976300AF67FD /* Scorekeeper.swift */,
				7F7E10D02042F94300AF67FD /* Card.swift */,
				7F7E10C32042973600AF67FD /* Assets.xcassets */,
				7F7E10C52042973600AF67FD /* LaunchScreen.storyboard */,
				7F7E10C82042973600AF67FD /* Info.plist */,
			);
			path = Concentration;
			sourceTree = "<group>";
		};
/* End PBXGroup section */

/* Begin PBXNativeTarget section */
		7F7E10B82042973600AF67FD /* Concentration */ = {
			isa = PBXNativeTarget;
			buildConfigurationList = 7F7E10CB2042973600AF67FD /* Build configuration list for PBXNativeTarget "Concentration" */;
			buildPhases = (
				7F7E10B52042973600AF67FD /* Sources */,
				7F7E10B62042973600AF67FD /* Frameworks */,
				7F7E10B72042973600AF67FD /* Resources */,
			);
			buildRules = (
			);
			dependencies = (
			);
			name = Concentration;
			productName = Concentration;
			productReference = 7F7E10B92042973600AF67FD /* Concentration.app */;
			productType = "com.apple.product-type.application";
		};
/* End PBXNativeTarget section */

/* Begin PBXProject section */
		7F7E10B12042973600AF67FD /* Project object */ = {
			isa = PBXProject;
			attributes = {
				LastSwiftUpdateCheck = 0920;
				LastUpgradeCheck = 0920;
				ORGANIZATIONNAME = "Titas Datta";
				TargetAttributes = {
					7F7E10B82042973600AF67FD = {
						CreatedOnToolsVersion = 9.2;
						ProvisioningStyle = Automatic;
					};
				};
			};
			buildConfigurationList = 7F7E10B42042973600AF67FD /* Build configuration list for PBXProject "Concentration" */;
			compatibilityVersion = "Xcode 8.0";
			developmentRegion = en;
			hasScannedForEncodings = 0;
			knownRegions = (
				en,
				Base,
			);
			mainGroup = 7F7E10B02042973600AF67FD;
			productRefGroup = 7F7E10BA2042973600AF67FD /* Products */;
			projectDirPath = "";
			projectRoot = "";
			targets = (
				7F7E10B82042973600AF67FD /* Concentration */,
			);
		};
/* End PBXProject section */

/* Begin PBXResourcesBuildPhase section */
		7F7E10B72042973600AF67FD /* Resources */ = {
			isa = PBXResourcesBuildPhase;
			buildActionMask = 2147483647;
			files = (
				7F7E10C72042973600AF67FD /* LaunchScreen.storyboard in Resources */,
				7F7E10C42042973600AF67FD /* Assets.xcassets in Resources */,
				7F7E10C22042973600AF67FD /* Main.storyboard in Resources */,
			);
			runOnlyForDeploymentPostprocessing = 0;
		};
/* End PBXResourcesBuildPhase section */

/* Begin PBXSourcesBuildPhase section */
		7F7E10B52042973600AF67FD /* Sources */ = {
			isa = PBXSourcesBuildPhase;
			buildActionMask = 2147483647;
			files = (
				7F02EE6420457BD100DAE181 /* GameTheme.swift in Sources */,
				7F7E10BF2042973600AF67FD /* ViewController.swift in Sources */,
				7F7E10BD2042973600AF67FD /* AppDelegate.swift in Sources */,
				7F7E10CF2042F8F000AF67FD /* Concentration.swift in Sources */,
				7F7E10D12042F94300AF67FD /* Card.swift in Sources */,
				7F7E10D32044976300AF67FD /* Scorekeeper.swift in Sources */,
				7F02EE6220457B7400DAE181 /* ThemeManager.swift in Sources */,
			);
			runOnlyForDeploymentPostprocessing = 0;
		};
/* End PBXSourcesBuildPhase section */

/* Begin PBXVariantGroup section */
		7F7E10C02042973600AF67FD /* Main.storyboard */ = {
			isa = PBXVariantGroup;
			children = (
				7F7E10C12042973600AF67FD /* Base */,
			);
			name = Main.storyboard;
			sourceTree = "<group>";
		};
		7F7E10C52042973600AF67FD /* LaunchScreen.storyboard */ = {
			isa = PBXVariantGroup;
			children = (
				7F7E10C62042973600AF67FD /* Base */,
			);
			name = LaunchScreen.storyboard;
			sourceTree = "<group>";
		};
/* End PBXVariantGroup section */

/* Begin XCBuildConfiguration section */
		7F7E10C92042973600AF67FD /* Debug */ = {
			isa = XCBuildConfiguration;
			buildSettings = {
				ALWAYS_SEARCH_USER_PATHS = NO;
				CLANG_ANALYZER_NONNULL = YES;
				CLANG_ANALYZER_NUMBER_OBJECT_CONVERSION = YES_AGGRESSIVE;
				CLANG_CXX_LANGUAGE_STANDARD = "gnu++14";
				CLANG_CXX_LIBRARY = "libc++";
				CLANG_ENABLE_MODULES = YES;
				CLANG_ENABLE_OBJC_ARC = YES;
				CLANG_WARN_BLOCK_CAPTURE_AUTORELEASING = YES;
				CLANG_WARN_BOOL_CONVERSION = YES;
				CLANG_WARN_COMMA = YES;
				CLANG_WARN_CONSTANT_CONVERSION = YES;
				CLANG_WARN_DIRECT_OBJC_ISA_USAGE = YES_ERROR;
				CLANG_WARN_DOCUMENTATION_COMMENTS = YES;
				CLANG_WARN_EMPTY_BODY = YES;
				CLANG_WARN_ENUM_CONVERSION = YES;
				CLANG_WARN_INFINITE_RECURSION = YES;
				CLANG_WARN_INT_CONVERSION = YES;
				CLANG_WARN_NON_LITERAL_NULL_CONVERSION = YES;
				CLANG_WARN_OBJC_LITERAL_CONVERSION = YES;
				CLANG_WARN_OBJC_ROOT_CLASS = YES_ERROR;
				CLANG_WARN_RANGE_LOOP_ANALYSIS = YES;
				CLANG_WARN_STRICT_PROTOTYPES = YES;
				CLANG_WARN_SUSPICIOUS_MOVE = YES;
				CLANG_WARN_UNGUARDED_AVAILABILITY = YES_AGGRESSIVE;
				CLANG_WARN_UNREACHABLE_CODE = YES;
				CLANG_WARN__DUPLICATE_METHOD_MATCH = YES;
				CODE_SIGN_IDENTITY = "iPhone Developer";
				COPY_PHASE_STRIP = NO;
				DEBUG_INFORMATION_FORMAT = dwarf;
				ENABLE_STRICT_OBJC_MSGSEND = YES;
				ENABLE_TESTABILITY = YES;
				GCC_C_LANGUAGE_STANDARD = gnu11;
				GCC_DYNAMIC_NO_PIC = NO;
				GCC_NO_COMMON_BLOCKS = YES;
				GCC_OPTIMIZATION_LEVEL = 0;
				GCC_PREPROCESSOR_DEFINITIONS = (
					"DEBUG=1",
					"$(inherited)",
				);
				GCC_WARN_64_TO_32_BIT_CONVERSION = YES;
				GCC_WARN_ABOUT_RETURN_TYPE = YES_ERROR;
				GCC_WARN_UNDECLARED_SELECTOR = YES;
				GCC_WARN_UNINITIALIZED_AUTOS = YES_AGGRESSIVE;
				GCC_WARN_UNUSED_FUNCTION = YES;
				GCC_WARN_UNUSED_VARIABLE = YES;
				IPHONEOS_DEPLOYMENT_TARGET = 11.2;
				MTL_ENABLE_DEBUG_INFO = YES;
				ONLY_ACTIVE_ARCH = YES;
				SDKROOT = iphoneos;
				SWIFT_ACTIVE_COMPILATION_CONDITIONS = DEBUG;
				SWIFT_OPTIMIZATION_LEVEL = "-Onone";
			};
			name = Debug;
		};
		7F7E10CA2042973600AF67FD /* Release */ = {
			isa = XCBuildConfiguration;
			buildSettings = {
				ALWAYS_SEARCH_USER_PATHS = NO;
				CLANG_ANALYZER_NONNULL = YES;
				CLANG_ANALYZER_NUMBER_OBJECT_CONVERSION = YES_AGGRESSIVE;
				CLANG_CXX_LANGUAGE_STANDARD = "gnu++14";
				CLANG_CXX_LIBRARY = "libc++";
				CLANG_ENABLE_MODULES = YES;
				CLANG_ENABLE_OBJC_ARC = YES;
				CLANG_WARN_BLOCK_CAPTURE_AUTORELEASING = YES;
				CLANG_WARN_BOOL_CONVERSION = YES;
				CLANG_WARN_COMMA = YES;
				CLANG_WARN_CONSTANT_CONVERSION = YES;
				CLANG_WARN_DIRECT_OBJC_ISA_USAGE = YES_ERROR;
				CLANG_WARN_DOCUMENTATION_COMMENTS = YES;
				CLANG_WARN_EMPTY_BODY = YES;
				CLANG_WARN_ENUM_CONVERSION = YES;
				CLANG_WARN_INFINITE_RECURSION = YES;
				CLANG_WARN_INT_CONVERSION = YES;
				CLANG_WARN_NON_LITERAL_NULL_CONVERSION = YES;
				CLANG_WARN_OBJC_LITERAL_CONVERSION = YES;
				CLANG_WARN_OBJC_ROOT_CLASS = YES_ERROR;
				CLANG_WARN_RANGE_LOOP_ANALYSIS = YES;
				CLANG_WARN_STRICT_PROTOTYPES = YES;
				CLANG_WARN_SUSPICIOUS_MOVE = YES;
				CLANG_WARN_UNGUARDED_AVAILABILITY = YES_AGGRESSIVE;
				CLANG_WARN_UNREACHABLE_CODE = YES;
				CLANG_WARN__DUPLICATE_METHOD_MATCH = YES;
				CODE_SIGN_IDENTITY = "iPhone Developer";
				COPY_PHASE_STRIP = NO;
				DEBUG_INFORMATION_FORMAT = "dwarf-with-dsym";
				ENABLE_NS_ASSERTIONS = NO;
				ENABLE_STRICT_OBJC_MSGSEND = YES;
				GCC_C_LANGUAGE_STANDARD = gnu11;
				GCC_NO_COMMON_BLOCKS = YES;
				GCC_WARN_64_TO_32_BIT_CONVERSION = YES;
				GCC_WARN_ABOUT_RETURN_TYPE = YES_ERROR;
				GCC_WARN_UNDECLARED_SELECTOR = YES;
				GCC_WARN_UNINITIALIZED_AUTOS = YES_AGGRESSIVE;
				GCC_WARN_UNUSED_FUNCTION = YES;
				GCC_WARN_UNUSED_VARIABLE = YES;
				IPHONEOS_DEPLOYMENT_TARGET = 11.2;
				MTL_ENABLE_DEBUG_INFO = NO;
				SDKROOT = iphoneos;
				SWIFT_OPTIMIZATION_LEVEL = "-Owholemodule";
				VALIDATE_PRODUCT = YES;
			};
			name = Release;
		};
		7F7E10CC2042973600AF67FD /* Debug */ = {
			isa = XCBuildConfiguration;
			buildSettings = {
				ASSETCATALOG_COMPILER_APPICON_NAME = AppIcon;
				CODE_SIGN_STYLE = Automatic;
				INFOPLIST_FILE = Concentration/Info.plist;
				LD_RUNPATH_SEARCH_PATHS = "$(inherited) @executable_path/Frameworks";
				PRODUCT_BUNDLE_IDENTIFIER = com.titas.Concentration;
				PRODUCT_NAME = "$(TARGET_NAME)";
				SWIFT_VERSION = 4.0;
				TARGETED_DEVICE_FAMILY = 1;
			};
			name = Debug;
		};
		7F7E10CD2042973600AF67FD /* Release */ = {
			isa = XCBuildConfiguration;
			buildSettings = {
				ASSETCATALOG_COMPILER_APPICON_NAME = AppIcon;
				CODE_SIGN_STYLE = Automatic;
				INFOPLIST_FILE = Concentration/Info.plist;
				LD_RUNPATH_SEARCH_PATHS = "$(inherited) @executable_path/Frameworks";
				PRODUCT_BUNDLE_IDENTIFIER = com.titas.Concentration;
				PRODUCT_NAME = "$(TARGET_NAME)";
				SWIFT_VERSION = 4.0;
				TARGETED_DEVICE_FAMILY = 1;
			};
			name = Release;
		};
/* End XCBuildConfiguration section */

/* Begin XCConfigurationList section */
		7F7E10B42042973600AF67FD /* Build configuration list for PBXProject "Concentration" */ = {
			isa = XCConfigurationList;
			buildConfigurations = (
				7F7E10C92042973600AF67FD /* Debug */,
				7F7E10CA2042973600AF67FD /* Release */,
			);
			defaultConfigurationIsVisible = 0;
			defaultConfigurationName = Release;
		};
		7F7E10CB2042973600AF67FD /* Build configuration list for PBXNativeTarget "Concentration" */ = {
			isa = XCConfigurationList;
			buildConfigurations = (
				7F7E10CC2042973600AF67FD /* Debug */,
				7F7E10CD2042973600AF67FD /* Release */,
			);
			defaultConfigurationIsVisible = 0;
			defaultConfigurationName = Release;
		};
/* End XCConfigurationList section */
	};
	rootObject = 7F7E10B12042973600AF67FD /* Project object */;
}
